
Microsoft Visual Studio Solution File, Format Version 12.00
# Visual Studio Version 17
VisualStudioVersion = 17.14.36121.58 d17.14
MinimumVisualStudioVersion = 10.0.40219.1
Project("{FAE04EC0-301F-11D3-BF4B-00C04F79EFBC}") = "UrlShortener.Api", "src/Backend/UrlShortener.Api/UrlShortener.Api.csproj", "{28427C1D-82AD-474B-B599-7304647EE55A}"
EndProject
Project("{FAE04EC0-301F-11D3-BF4B-00C04F79EFBC}") = "UrlShortener.Infrastructure", "src/Backend/UrlShortener.Infrastructure/UrlShortener.Infrastructure.csproj", "{0C92E6A6-D21A-41BB-8B6F-9E78948324A1}"
EndProject
Project("{FAE04EC0-301F-11D3-BF4B-00C04F79EFBC}") = "UrlShortener.Application", "src/Backend/UrlShortener.Application/UrlShortener.Application.csproj", "{E3500FAD-579A-4FD9-A3DC-5378F1BF5143}"
EndProject
Project("{FAE04EC0-301F-11D3-BF4B-00C04F79EFBC}") = "UrlShortener.Domain", "src/Backend/UrlShortener.Domain/UrlShortener.Domain.csproj", "{05704249-4AB8-4CEF-8952-4B9D98B02BF3}"
EndProject
Project("{2150E333-8FDC-42A3-9474-1A3956D46DE8}") = "Itens de Solução", "Itens de Solução", "{380A7511-A354-6D7A-0CC0-8FA1F1BA7B6C}"
	ProjectSection(SolutionItems) = preProject
		docker-compose.yml = docker-compose.yml
	EndProjectSection
EndProject
Global
	GlobalSection(SolutionConfigurationPlatforms) = preSolution
		Debug|Any CPU = Debug|Any CPU
		Release|Any CPU = Release|Any CPU
	EndGlobalSection
	GlobalSection(ProjectConfigurationPlatforms) = postSolution
		{28427C1D-82AD-474B-B599-7304647EE55A}.Debug|Any CPU.ActiveCfg = Debug|Any CPU
		{28427C1D-82AD-474B-B599-7304647EE55A}.Debug|Any CPU.Build.0 = Debug|Any CPU
		{28427C1D-82AD-474B-B599-7304647EE55A}.Release|Any CPU.ActiveCfg = Release|Any CPU
		{28427C1D-82AD-474B-B599-7304647EE55A}.Release|Any CPU.Build.0 = Release|Any CPU
		{0C92E6A6-D21A-41BB-8B6F-9E78948324A1}.Debug|Any CPU.ActiveCfg = Debug|Any CPU
		{0C92E6A6-D21A-41BB-8B6F-9E78948324A1}.Debug|Any CPU.Build.0 = Debug|Any CPU
		{0C92E6A6-D21A-41BB-8B6F-9E78948324A1}.Release|Any CPU.ActiveCfg = Release|Any CPU
		{0C92E6A6-D21A-41BB-8B6F-9E78948324A1}.Release|Any CPU.Build.0 = Release|Any CPU
		{E3500FAD-579A-4FD9-A3DC-5378F1BF5143}.Debug|Any CPU.ActiveCfg = Debug|Any CPU
		{E3500FAD-579A-4FD9-A3DC-5378F1BF5143}.Debug|Any CPU.Build.0 = Debug|Any CPU
		{E3500FAD-579A-4FD9-A3DC-5378F1BF5143}.Release|Any CPU.ActiveCfg = Release|Any CPU
		{E3500FAD-579A-4FD9-A3DC-5378F1BF5143}.Release|Any CPU.Build.0 = Release|Any CPU
		{05704249-4AB8-4CEF-8952-4B9D98B02BF3}.Debug|Any CPU.ActiveCfg = Debug|Any CPU
		{05704249-4AB8-4CEF-8952-4B9D98B02BF3}.Debug|Any CPU.Build.0 = Debug|Any CPU
		{05704249-4AB8-4CEF-8952-4B9D98B02BF3}.Release|Any CPU.ActiveCfg = Release|Any CPU
		{05704249-4AB8-4CEF-8952-4B9D98B02BF3}.Release|Any CPU.Build.0 = Release|Any CPU
	EndGlobalSection
	GlobalSection(SolutionProperties) = preSolution
		HideSolutionNode = FALSE
	EndGlobalSection
	GlobalSection(ExtensibilityGlobals) = postSolution
		SolutionGuid = {BF45BF27-78ED-4672-A787-C0FF4F21856A}
	EndGlobalSection
EndGlobal
